
Microsoft Visual Studio Solution File, Format Version 12.00
Project("{FAE04EC0-301F-11D3-BF4B-00C04F79EFBC}") = "SGuard.ConfigChecker", "SGuard.ConfigChecker\SGuard.ConfigChecker.csproj", "{1A5338A7-AE44-4E08-973B-EC2ADE8E68AA}"
EndProject
Global
	GlobalSection(SolutionConfigurationPlatforms) = preSolution
		Debug|Any CPU = Debug|Any CPU
		Release|Any CPU = Release|Any CPU
	EndGlobalSection
	GlobalSection(ProjectConfigurationPlatforms) = postSolution
		{1A5338A7-AE44-4E08-973B-EC2ADE8E68AA}.Debug|Any CPU.ActiveCfg = Debug|Any CPU
		{1A5338A7-AE44-4E08-973B-EC2ADE8E68AA}.Debug|Any CPU.Build.0 = Debug|Any CPU
		{1A5338A7-AE44-4E08-973B-EC2ADE8E68AA}.Release|Any CPU.ActiveCfg = Release|Any CPU
		{1A5338A7-AE44-4E08-973B-EC2ADE8E68AA}.Release|Any CPU.Build.0 = Release|Any CPU
	EndGlobalSection
EndGlobal
