
Microsoft Visual Studio Solution File, Format Version 12.00
Project("{FAE04EC0-301F-11D3-BF4B-00C04F79EFBC}") = "SGuard.ConfigValidation", "SGuard.ConfigValidation\SGuard.ConfigValidation.csproj", "{1A5338A7-AE44-4E08-973B-EC2ADE8E68AA}"
EndProject
Project("{FAE04EC0-301F-11D3-BF4B-00C04F79EFBC}") = "SGuard.ConfigValidation.Console", "SGuard.ConfigValidation.Console\SGuard.ConfigValidation.Console.csproj", "{82C61F3F-DDA9-46F8-84A4-C0DF0729076F}"
EndProject
Project("{FAE04EC0-301F-11D3-BF4B-00C04F79EFBC}") = "SGuard.ConfigValidation.Test", "SGuard.ConfigValidation.Test\SGuard.ConfigValidation.Test.csproj", "{162AE1BA-D8B9-4B4F-AFE9-84C1BA5AD666}"
EndProject
Project("{2150E333-8FDC-42A3-9474-1A3956D46DE8}") = "src", "src", "{3ADF4D6F-14CD-4A92-8274-EC97BB63E117}"
EndProject
Project("{2150E333-8FDC-42A3-9474-1A3956D46DE8}") = "test", "test", "{D579503B-5247-4C0B-95C8-EAD7B2812950}"
EndProject
Project("{2150E333-8FDC-42A3-9474-1A3956D46DE8}") = "console", "console", "{E6182159-9E99-4376-9D5C-99B176062F62}"
EndProject
Global
	GlobalSection(SolutionConfigurationPlatforms) = preSolution
		Debug|Any CPU = Debug|Any CPU
		Debug|x64 = Debug|x64
		Debug|x86 = Debug|x86
		Release|Any CPU = Release|Any CPU
		Release|x64 = Release|x64
		Release|x86 = Release|x86
	EndGlobalSection
	GlobalSection(ProjectConfigurationPlatforms) = postSolution
		{1A5338A7-AE44-4E08-973B-EC2ADE8E68AA}.Debug|Any CPU.ActiveCfg = Debug|Any CPU
		{1A5338A7-AE44-4E08-973B-EC2ADE8E68AA}.Debug|Any CPU.Build.0 = Debug|Any CPU
		{1A5338A7-AE44-4E08-973B-EC2ADE8E68AA}.Debug|x64.ActiveCfg = Debug|Any CPU
		{1A5338A7-AE44-4E08-973B-EC2ADE8E68AA}.Debug|x64.Build.0 = Debug|Any CPU
		{1A5338A7-AE44-4E08-973B-EC2ADE8E68AA}.Debug|x86.ActiveCfg = Debug|Any CPU
		{1A5338A7-AE44-4E08-973B-EC2ADE8E68AA}.Debug|x86.Build.0 = Debug|Any CPU
		{1A5338A7-AE44-4E08-973B-EC2ADE8E68AA}.Release|Any CPU.ActiveCfg = Release|Any CPU
		{1A5338A7-AE44-4E08-973B-EC2ADE8E68AA}.Release|Any CPU.Build.0 = Release|Any CPU
		{1A5338A7-AE44-4E08-973B-EC2ADE8E68AA}.Release|x64.ActiveCfg = Release|Any CPU
		{1A5338A7-AE44-4E08-973B-EC2ADE8E68AA}.Release|x64.Build.0 = Release|Any CPU
		{1A5338A7-AE44-4E08-973B-EC2ADE8E68AA}.Release|x86.ActiveCfg = Release|Any CPU
		{1A5338A7-AE44-4E08-973B-EC2ADE8E68AA}.Release|x86.Build.0 = Release|Any CPU
		{82C61F3F-DDA9-46F8-84A4-C0DF0729076F}.Debug|Any CPU.ActiveCfg = Debug|Any CPU
		{82C61F3F-DDA9-46F8-84A4-C0DF0729076F}.Debug|Any CPU.Build.0 = Debug|Any CPU
		{82C61F3F-DDA9-46F8-84A4-C0DF0729076F}.Debug|x64.ActiveCfg = Debug|Any CPU
		{82C61F3F-DDA9-46F8-84A4-C0DF0729076F}.Debug|x64.Build.0 = Debug|Any CPU
		{82C61F3F-DDA9-46F8-84A4-C0DF0729076F}.Debug|x86.ActiveCfg = Debug|Any CPU
		{82C61F3F-DDA9-46F8-84A4-C0DF0729076F}.Debug|x86.Build.0 = Debug|Any CPU
		{82C61F3F-DDA9-46F8-84A4-C0DF0729076F}.Release|Any CPU.ActiveCfg = Release|Any CPU
		{82C61F3F-DDA9-46F8-84A4-C0DF0729076F}.Release|Any CPU.Build.0 = Release|Any CPU
		{82C61F3F-DDA9-46F8-84A4-C0DF0729076F}.Release|x64.ActiveCfg = Release|Any CPU
		{82C61F3F-DDA9-46F8-84A4-C0DF0729076F}.Release|x64.Build.0 = Release|Any CPU
		{82C61F3F-DDA9-46F8-84A4-C0DF0729076F}.Release|x86.ActiveCfg = Release|Any CPU
		{82C61F3F-DDA9-46F8-84A4-C0DF0729076F}.Release|x86.Build.0 = Release|Any CPU
		{162AE1BA-D8B9-4B4F-AFE9-84C1BA5AD666}.Debug|Any CPU.ActiveCfg = Debug|Any CPU
		{162AE1BA-D8B9-4B4F-AFE9-84C1BA5AD666}.Debug|Any CPU.Build.0 = Debug|Any CPU
		{162AE1BA-D8B9-4B4F-AFE9-84C1BA5AD666}.Debug|x64.ActiveCfg = Debug|Any CPU
		{162AE1BA-D8B9-4B4F-AFE9-84C1BA5AD666}.Debug|x64.Build.0 = Debug|Any CPU
		{162AE1BA-D8B9-4B4F-AFE9-84C1BA5AD666}.Debug|x86.ActiveCfg = Debug|Any CPU
		{162AE1BA-D8B9-4B4F-AFE9-84C1BA5AD666}.Debug|x86.Build.0 = Debug|Any CPU
		{162AE1BA-D8B9-4B4F-AFE9-84C1BA5AD666}.Release|Any CPU.ActiveCfg = Release|Any CPU
		{162AE1BA-D8B9-4B4F-AFE9-84C1BA5AD666}.Release|Any CPU.Build.0 = Release|Any CPU
		{162AE1BA-D8B9-4B4F-AFE9-84C1BA5AD666}.Release|x64.ActiveCfg = Release|Any CPU
		{162AE1BA-D8B9-4B4F-AFE9-84C1BA5AD666}.Release|x64.Build.0 = Release|Any CPU
		{162AE1BA-D8B9-4B4F-AFE9-84C1BA5AD666}.Release|x86.ActiveCfg = Release|Any CPU
		{162AE1BA-D8B9-4B4F-AFE9-84C1BA5AD666}.Release|x86.Build.0 = Release|Any CPU
	EndGlobalSection
	GlobalSection(SolutionProperties) = preSolution
		HideSolutionNode = FALSE
	EndGlobalSection
	GlobalSection(NestedProjects) = preSolution
		{1A5338A7-AE44-4E08-973B-EC2ADE8E68AA} = {3ADF4D6F-14CD-4A92-8274-EC97BB63E117}
		{82C61F3F-DDA9-46F8-84A4-C0DF0729076F} = {E6182159-9E99-4376-9D5C-99B176062F62}
		{162AE1BA-D8B9-4B4F-AFE9-84C1BA5AD666} = {D579503B-5247-4C0B-95C8-EAD7B2812950}
	EndGlobalSection
EndGlobal
